// !$*UTF8*$!
{
	archiveVersion = 1;
	classes = {
	};
	objectVersion = 50;
	objects = {

/* Begin PBXBuildFile section */
		5EFC92FC3B8C85EF87E7EDC7 /* Pods_WHApp.framework in Frameworks */ = {isa = PBXBuildFile; fileRef = 634ACDBDDF79D554988F23A1 /* Pods_WHApp.framework */; };
		9B48224823C882AE005CAD88 /* AppDelegate.swift in Sources */ = {isa = PBXBuildFile; fileRef = 9B48224723C882AE005CAD88 /* AppDelegate.swift */; };
		9B48224A23C882AE005CAD88 /* ViewController.swift in Sources */ = {isa = PBXBuildFile; fileRef = 9B48224923C882AE005CAD88 /* ViewController.swift */; };
		9B48224D23C882AE005CAD88 /* Main.storyboard in Resources */ = {isa = PBXBuildFile; fileRef = 9B48224B23C882AE005CAD88 /* Main.storyboard */; };
		9B48224F23C882AF005CAD88 /* Assets.xcassets in Resources */ = {isa = PBXBuildFile; fileRef = 9B48224E23C882AF005CAD88 /* Assets.xcassets */; };
		9B48225223C882AF005CAD88 /* LaunchScreen.storyboard in Resources */ = {isa = PBXBuildFile; fileRef = 9B48225023C882AF005CAD88 /* LaunchScreen.storyboard */; };
/* End PBXBuildFile section */

/* Begin PBXFileReference section */
		148299B2E2E0D9E2C8A5FF1F /* Pods-WHApp.debug.xcconfig */ = {isa = PBXFileReference; includeInIndex = 1; lastKnownFileType = text.xcconfig; name = "Pods-WHApp.debug.xcconfig"; path = "Target Support Files/Pods-WHApp/Pods-WHApp.debug.xcconfig"; sourceTree = "<group>"; };
		5E03597D5A77CB34A41CE036 /* Pods-WHApp.release.xcconfig */ = {isa = PBXFileReference; includeInIndex = 1; lastKnownFileType = text.xcconfig; name = "Pods-WHApp.release.xcconfig"; path = "Target Support Files/Pods-WHApp/Pods-WHApp.release.xcconfig"; sourceTree = "<group>"; };
		634ACDBDDF79D554988F23A1 /* Pods_WHApp.framework */ = {isa = PBXFileReference; explicitFileType = wrapper.framework; includeInIndex = 0; path = Pods_WHApp.framework; sourceTree = BUILT_PRODUCTS_DIR; };
		9B48224423C882AE005CAD88 /* WHApp.app */ = {isa = PBXFileReference; explicitFileType = wrapper.application; includeInIndex = 0; path = WHApp.app; sourceTree = BUILT_PRODUCTS_DIR; };
		9B48224723C882AE005CAD88 /* AppDelegate.swift */ = {isa = PBXFileReference; lastKnownFileType = sourcecode.swift; path = AppDelegate.swift; sourceTree = "<group>"; };
		9B48224923C882AE005CAD88 /* ViewController.swift */ = {isa = PBXFileReference; lastKnownFileType = sourcecode.swift; path = ViewController.swift; sourceTree = "<group>"; };
		9B48224C23C882AE005CAD88 /* Base */ = {isa = PBXFileReference; lastKnownFileType = file.storyboard; name = Base; path = Base.lproj/Main.storyboard; sourceTree = "<group>"; };
		9B48224E23C882AF005CAD88 /* Assets.xcassets */ = {isa = PBXFileReference; lastKnownFileType = folder.assetcatalog; path = Assets.xcassets; sourceTree = "<group>"; };
		9B48225123C882AF005CAD88 /* Base */ = {isa = PBXFileReference; lastKnownFileType = file.storyboard; name = Base; path = Base.lproj/LaunchScreen.storyboard; sourceTree = "<group>"; };
		9B48225323C882AF005CAD88 /* Info.plist */ = {isa = PBXFileReference; lastKnownFileType = text.plist.xml; path = Info.plist; sourceTree = "<group>"; };
/* End PBXFileReference section */

/* Begin PBXFrameworksBuildPhase section */
		9B48224123C882AE005CAD88 /* Frameworks */ = {
			isa = PBXFrameworksBuildPhase;
			buildActionMask = 2147483647;
			files = (
				5EFC92FC3B8C85EF87E7EDC7 /* Pods_WHApp.framework in Frameworks */,
			);
			runOnlyForDeploymentPostprocessing = 0;
		};
/* End PBXFrameworksBuildPhase section */

/* Begin PBXGroup section */
		0E1DFDDC82D4B72E1B34ABBA /* Pods */ = {
			isa = PBXGroup;
			children = (
				148299B2E2E0D9E2C8A5FF1F /* Pods-WHApp.debug.xcconfig */,
				5E03597D5A77CB34A41CE036 /* Pods-WHApp.release.xcconfig */,
			);
			name = Pods;
			path = Pods;
			sourceTree = "<group>";
		};
		99A38E55C297F236C0359A43 /* Frameworks */ = {
			isa = PBXGroup;
			children = (
				634ACDBDDF79D554988F23A1 /* Pods_WHApp.framework */,
			);
			name = Frameworks;
			sourceTree = "<group>";
		};
		9B48223B23C882AE005CAD88 = {
			isa = PBXGroup;
			children = (
				9B48224623C882AE005CAD88 /* WHApp */,
				9B48224523C882AE005CAD88 /* Products */,
				0E1DFDDC82D4B72E1B34ABBA /* Pods */,
				99A38E55C297F236C0359A43 /* Frameworks */,
			);
			sourceTree = "<group>";
		};
		9B48224523C882AE005CAD88 /* Products */ = {
			isa = PBXGroup;
			children = (
				9B48224423C882AE005CAD88 /* WHApp.app */,
			);
			name = Products;
			sourceTree = "<group>";
		};
		9B48224623C882AE005CAD88 /* WHApp */ = {
			isa = PBXGroup;
			children = (
				9B48224723C882AE005CAD88 /* AppDelegate.swift */,
				9B48224923C882AE005CAD88 /* ViewController.swift */,
				9B48224B23C882AE005CAD88 /* Main.storyboard */,
				9B48224E23C882AF005CAD88 /* Assets.xcassets */,
				9B48225023C882AF005CAD88 /* LaunchScreen.storyboard */,
				9B48225323C882AF005CAD88 /* Info.plist */,
			);
			path = WHApp;
			sourceTree = "<group>";
		};
/* End PBXGroup section */

/* Begin PBXNativeTarget section */
		9B48224323C882AE005CAD88 /* WHApp */ = {
			isa = PBXNativeTarget;
			buildConfigurationList = 9B48225623C882AF005CAD88 /* Build configuration list for PBXNativeTarget "WHApp" */;
			buildPhases = (
				9BC3ED700668ADE430BD1B8D /* [CP] Check Pods Manifest.lock */,
				9B48224023C882AE005CAD88 /* Sources */,
				9B48224123C882AE005CAD88 /* Frameworks */,
				9B48224223C882AE005CAD88 /* Resources */,
				D70B8F3137229E4203A03EA2 /* [CP] Embed Pods Frameworks */,
			);
			buildRules = (
			);
			dependencies = (
			);
			name = WHApp;
			productName = WHApp;
			productReference = 9B48224423C882AE005CAD88 /* WHApp.app */;
			productType = "com.apple.product-type.application";
		};
/* End PBXNativeTarget section */

/* Begin PBXProject section */
		9B48223C23C882AE005CAD88 /* Project object */ = {
			isa = PBXProject;
			attributes = {
				LastSwiftUpdateCheck = 1030;
				LastUpgradeCheck = 1030;
				ORGANIZATIONNAME = wuhao;
				TargetAttributes = {
					9B48224323C882AE005CAD88 = {
						CreatedOnToolsVersion = 10.3;
					};
				};
			};
			buildConfigurationList = 9B48223F23C882AE005CAD88 /* Build configuration list for PBXProject "WHApp" */;
			compatibilityVersion = "Xcode 9.3";
			developmentRegion = en;
			hasScannedForEncodings = 0;
			knownRegions = (
				en,
				Base,
			);
			mainGroup = 9B48223B23C882AE005CAD88;
			productRefGroup = 9B48224523C882AE005CAD88 /* Products */;
			projectDirPath = "";
			projectRoot = "";
			targets = (
				9B48224323C882AE005CAD88 /* WHApp */,
			);
		};
/* End PBXProject section */

/* Begin PBXResourcesBuildPhase section */
		9B48224223C882AE005CAD88 /* Resources */ = {
			isa = PBXResourcesBuildPhase;
			buildActionMask = 2147483647;
			files = (
				9B48225223C882AF005CAD88 /* LaunchScreen.storyboard in Resources */,
				9B48224F23C882AF005CAD88 /* Assets.xcassets in Resources */,
				9B48224D23C882AE005CAD88 /* Main.storyboard in Resources */,
			);
			runOnlyForDeploymentPostprocessing = 0;
		};
/* End PBXResourcesBuildPhase section */

/* Begin PBXShellScriptBuildPhase section */
		9BC3ED700668ADE430BD1B8D /* [CP] Check Pods Manifest.lock */ = {
			isa = PBXShellScriptBuildPhase;
			buildActionMask = 2147483647;
			files = (
			);
			inputFileListPaths = (
			);
			inputPaths = (
				"${PODS_PODFILE_DIR_PATH}/Podfile.lock",
				"${PODS_ROOT}/Manifest.lock",
			);
			name = "[CP] Check Pods Manifest.lock";
			outputFileListPaths = (
			);
			outputPaths = (
				"$(DERIVED_FILE_DIR)/Pods-WHApp-checkManifestLockResult.txt",
			);
			runOnlyForDeploymentPostprocessing = 0;
			shellPath = /bin/sh;
			shellScript = "diff \"${PODS_PODFILE_DIR_PATH}/Podfile.lock\" \"${PODS_ROOT}/Manifest.lock\" > /dev/null\nif [ $? != 0 ] ; then\n    # print error to STDERR\n    echo \"error: The sandbox is not in sync with the Podfile.lock. Run 'pod install' or update your CocoaPods installation.\" >&2\n    exit 1\nfi\n# This output is used by Xcode 'outputs' to avoid re-running this script phase.\necho \"SUCCESS\" > \"${SCRIPT_OUTPUT_FILE_0}\"\n";
			showEnvVarsInLog = 0;
		};
		D70B8F3137229E4203A03EA2 /* [CP] Embed Pods Frameworks */ = {
			isa = PBXShellScriptBuildPhase;
			buildActionMask = 2147483647;
			files = (
			);
			inputFileListPaths = (
				"${PODS_ROOT}/Target Support Files/Pods-WHApp/Pods-WHApp-frameworks-${CONFIGURATION}-input-files.xcfilelist",
			);
			name = "[CP] Embed Pods Frameworks";
			outputFileListPaths = (
				"${PODS_ROOT}/Target Support Files/Pods-WHApp/Pods-WHApp-frameworks-${CONFIGURATION}-output-files.xcfilelist",
			);
			runOnlyForDeploymentPostprocessing = 0;
			shellPath = /bin/sh;
			shellScript = "\"${PODS_ROOT}/Target Support Files/Pods-WHApp/Pods-WHApp-frameworks.sh\"\n";
			showEnvVarsInLog = 0;
		};
/* End PBXShellScriptBuildPhase section */

/* Begin PBXSourcesBuildPhase section */
		9B48224023C882AE005CAD88 /* Sources */ = {
			isa = PBXSourcesBuildPhase;
			buildActionMask = 2147483647;
			files = (
				9B48224A23C882AE005CAD88 /* ViewController.swift in Sources */,
				9B48224823C882AE005CAD88 /* AppDelegate.swift in Sources */,
			);
			runOnlyForDeploymentPostprocessing = 0;
		};
/* End PBXSourcesBuildPhase section */

/* Begin PBXVariantGroup section */
		9B48224B23C882AE005CAD88 /* Main.storyboard */ = {
			isa = PBXVariantGroup;
			children = (
				9B48224C23C882AE005CAD88 /* Base */,
			);
			name = Main.storyboard;
			sourceTree = "<group>";
		};
		9B48225023C882AF005CAD88 /* LaunchScreen.storyboard */ = {
			isa = PBXVariantGroup;
			children = (
				9B48225123C882AF005CAD88 /* Base */,
			);
			name = LaunchScreen.storyboard;
			sourceTree = "<group>";
		};
/* End PBXVariantGroup section */

/* Begin XCBuildConfiguration section */
		9B48225423C882AF005CAD88 /* Debug */ = {
			isa = XCBuildConfiguration;
			buildSettings = {
				ALWAYS_SEARCH_USER_PATHS = NO;
				CLANG_ANALYZER_NONNULL = YES;
				CLANG_ANALYZER_NUMBER_OBJECT_CONVERSION = YES_AGGRESSIVE;
				CLANG_CXX_LANGUAGE_STANDARD = "gnu++14";
				CLANG_CXX_LIBRARY = "libc++";
				CLANG_ENABLE_MODULES = YES;
				CLANG_ENABLE_OBJC_ARC = YES;
				CLANG_ENABLE_OBJC_WEAK = YES;
				CLANG_WARN_BLOCK_CAPTURE_AUTORELEASING = YES;
				CLANG_WARN_BOOL_CONVERSION = YES;
				CLANG_WARN_COMMA = YES;
				CLANG_WARN_CONSTANT_CONVERSION = YES;
				CLANG_WARN_DEPRECATED_OBJC_IMPLEMENTATIONS = YES;
				CLANG_WARN_DIRECT_OBJC_ISA_USAGE = YES_ERROR;
				CLANG_WARN_DOCUMENTATION_COMMENTS = YES;
				CLANG_WARN_EMPTY_BODY = YES;
				CLANG_WARN_ENUM_CONVERSION = YES;
				CLANG_WARN_INFINITE_RECURSION = YES;
				CLANG_WARN_INT_CONVERSION = YES;
				CLANG_WARN_NON_LITERAL_NULL_CONVERSION = YES;
				CLANG_WARN_OBJC_IMPLICIT_RETAIN_SELF = YES;
				CLANG_WARN_OBJC_LITERAL_CONVERSION = YES;
				CLANG_WARN_OBJC_ROOT_CLASS = YES_ERROR;
				CLANG_WARN_RANGE_LOOP_ANALYSIS = YES;
				CLANG_WARN_STRICT_PROTOTYPES = YES;
				CLANG_WARN_SUSPICIOUS_MOVE = YES;
				CLANG_WARN_UNGUARDED_AVAILABILITY = YES_AGGRESSIVE;
				CLANG_WARN_UNREACHABLE_CODE = YES;
				CLANG_WARN__DUPLICATE_METHOD_MATCH = YES;
				CODE_SIGN_IDENTITY = "iPhone Developer";
				COPY_PHASE_STRIP = NO;
				DEBUG_INFORMATION_FORMAT = dwarf;
				ENABLE_STRICT_OBJC_MSGSEND = YES;
				ENABLE_TESTABILITY = YES;
				GCC_C_LANGUAGE_STANDARD = gnu11;
				GCC_DYNAMIC_NO_PIC = NO;
				GCC_NO_COMMON_BLOCKS = YES;
				GCC_OPTIMIZATION_LEVEL = 0;
				GCC_PREPROCESSOR_DEFINITIONS = (
					"DEBUG=1",
					"$(inherited)",
				);
				GCC_WARN_64_TO_32_BIT_CONVERSION = YES;
				GCC_WARN_ABOUT_RETURN_TYPE = YES_ERROR;
				GCC_WARN_UNDECLARED_SELECTOR = YES;
				GCC_WARN_UNINITIALIZED_AUTOS = YES_AGGRESSIVE;
				GCC_WARN_UNUSED_FUNCTION = YES;
				GCC_WARN_UNUSED_VARIABLE = YES;
				IPHONEOS_DEPLOYMENT_TARGET = 12.4;
				MTL_ENABLE_DEBUG_INFO = INCLUDE_SOURCE;
				MTL_FAST_MATH = YES;
				ONLY_ACTIVE_ARCH = YES;
				SDKROOT = iphoneos;
				SWIFT_ACTIVE_COMPILATION_CONDITIONS = DEBUG;
				SWIFT_OPTIMIZATION_LEVEL = "-Onone";
			};
			name = Debug;
		};
		9B48225523C882AF005CAD88 /* Release */ = {
			isa = XCBuildConfiguration;
			buildSettings = {
				ALWAYS_SEARCH_USER_PATHS = NO;
				CLANG_ANALYZER_NONNULL = YES;
				CLANG_ANALYZER_NUMBER_OBJECT_CONVERSION = YES_AGGRESSIVE;
				CLANG_CXX_LANGUAGE_STANDARD = "gnu++14";
				CLANG_CXX_LIBRARY = "libc++";
				CLANG_ENABLE_MODULES = YES;
				CLANG_ENABLE_OBJC_ARC = YES;
				CLANG_ENABLE_OBJC_WEAK = YES;
				CLANG_WARN_BLOCK_CAPTURE_AUTORELEASING = YES;
				CLANG_WARN_BOOL_CONVERSION = YES;
				CLANG_WARN_COMMA = YES;
				CLANG_WARN_CONSTANT_CONVERSION = YES;
				CLANG_WARN_DEPRECATED_OBJC_IMPLEMENTATIONS = YES;
				CLANG_WARN_DIRECT_OBJC_ISA_USAGE = YES_ERROR;
				CLANG_WARN_DOCUMENTATION_COMMENTS = YES;
				CLANG_WARN_EMPTY_BODY = YES;
				CLANG_WARN_ENUM_CONVERSION = YES;
				CLANG_WARN_INFINITE_RECURSION = YES;
				CLANG_WARN_INT_CONVERSION = YES;
				CLANG_WARN_NON_LITERAL_NULL_CONVERSION = YES;
				CLANG_WARN_OBJC_IMPLICIT_RETAIN_SELF = YES;
				CLANG_WARN_OBJC_LITERAL_CONVERSION = YES;
				CLANG_WARN_OBJC_ROOT_CLASS = YES_ERROR;
				CLANG_WARN_RANGE_LOOP_ANALYSIS = YES;
				CLANG_WARN_STRICT_PROTOTYPES = YES;
				CLANG_WARN_SUSPICIOUS_MOVE = YES;
				CLANG_WARN_UNGUARDED_AVAILABILITY = YES_AGGRESSIVE;
				CLANG_WARN_UNREACHABLE_CODE = YES;
				CLANG_WARN__DUPLICATE_METHOD_MATCH = YES;
				CODE_SIGN_IDENTITY = "iPhone Developer";
				COPY_PHASE_STRIP = NO;
				DEBUG_INFORMATION_FORMAT = "dwarf-with-dsym";
				ENABLE_NS_ASSERTIONS = NO;
				ENABLE_STRICT_OBJC_MSGSEND = YES;
				GCC_C_LANGUAGE_STANDARD = gnu11;
				GCC_NO_COMMON_BLOCKS = YES;
				GCC_WARN_64_TO_32_BIT_CONVERSION = YES;
				GCC_WARN_ABOUT_RETURN_TYPE = YES_ERROR;
				GCC_WARN_UNDECLARED_SELECTOR = YES;
				GCC_WARN_UNINITIALIZED_AUTOS = YES_AGGRESSIVE;
				GCC_WARN_UNUSED_FUNCTION = YES;
				GCC_WARN_UNUSED_VARIABLE = YES;
				IPHONEOS_DEPLOYMENT_TARGET = 12.4;
				MTL_ENABLE_DEBUG_INFO = NO;
				MTL_FAST_MATH = YES;
				SDKROOT = iphoneos;
				SWIFT_COMPILATION_MODE = wholemodule;
				SWIFT_OPTIMIZATION_LEVEL = "-O";
				VALIDATE_PRODUCT = YES;
			};
			name = Release;
		};
		9B48225723C882AF005CAD88 /* Debug */ = {
			isa = XCBuildConfiguration;
			baseConfigurationReference = 148299B2E2E0D9E2C8A5FF1F /* Pods-WHApp.debug.xcconfig */;
			buildSettings = {
				ASSETCATALOG_COMPILER_APPICON_NAME = AppIcon;
				CODE_SIGN_STYLE = Automatic;
				INFOPLIST_FILE = WHApp/Info.plist;
				LD_RUNPATH_SEARCH_PATHS = (
					"$(inherited)",
					"@executable_path/Frameworks",
				);
				PRODUCT_BUNDLE_IDENTIFIER = com.wuhao.WHApp;
				PRODUCT_NAME = "$(TARGET_NAME)";
				SWIFT_VERSION = 5.0;
				TARGETED_DEVICE_FAMILY = "1,2";
			};
			name = Debug;
		};
		9B48225823C882AF005CAD88 /* Release */ = {
			isa = XCBuildConfiguration;
			baseConfigurationReference = 5E03597D5A77CB34A41CE036 /* Pods-WHApp.release.xcconfig */;
			buildSettings = {
				ASSETCATALOG_COMPILER_APPICON_NAME = AppIcon;
				CODE_SIGN_STYLE = Automatic;
				INFOPLIST_FILE = WHApp/Info.plist;
				LD_RUNPATH_SEARCH_PATHS = (
					"$(inherited)",
					"@executable_path/Frameworks",
				);
				PRODUCT_BUNDLE_IDENTIFIER = com.wuhao.WHApp;
				PRODUCT_NAME = "$(TARGET_NAME)";
				SWIFT_VERSION = 5.0;
				TARGETED_DEVICE_FAMILY = "1,2";
			};
			name = Release;
		};
/* End XCBuildConfiguration section */

/* Begin XCConfigurationList section */
		9B48223F23C882AE005CAD88 /* Build configuration list for PBXProject "WHApp" */ = {
			isa = XCConfigurationList;
			buildConfigurations = (
				9B48225423C882AF005CAD88 /* Debug */,
				9B48225523C882AF005CAD88 /* Release */,
			);
			defaultConfigurationIsVisible = 0;
			defaultConfigurationName = Release;
		};
		9B48225623C882AF005CAD88 /* Build configuration list for PBXNativeTarget "WHApp" */ = {
			isa = XCConfigurationList;
			buildConfigurations = (
				9B48225723C882AF005CAD88 /* Debug */,
				9B48225823C882AF005CAD88 /* Release */,
			);
			defaultConfigurationIsVisible = 0;
			defaultConfigurationName = Release;
		};
/* End XCConfigurationList section */
	};
	rootObject = 9B48223C23C882AE005CAD88 /* Project object */;
}
